
Microsoft Visual Studio Solution File, Format Version 12.00
# Visual Studio 15
VisualStudioVersion = 15.0.28010.2041
MinimumVisualStudioVersion = 10.0.40219.1
Project("{F2A71F9B-5D33-465A-A702-920D77279786}") = "ConsoleApp1", "ConsoleApp1\ConsoleApp1.fsproj", "{45A39928-0E76-4131-A784-36D30AED543A}"
EndProject
Global
	GlobalSection(SolutionConfigurationPlatforms) = preSolution
		Debug|Any CPU = Debug|Any CPU
		Release|Any CPU = Release|Any CPU
	EndGlobalSection
	GlobalSection(ProjectConfigurationPlatforms) = postSolution
		{45A39928-0E76-4131-A784-36D30AED543A}.Debug|Any CPU.ActiveCfg = Debug|Any CPU
		{45A39928-0E76-4131-A784-36D30AED543A}.Debug|Any CPU.Build.0 = Debug|Any CPU
		{45A39928-0E76-4131-A784-36D30AED543A}.Release|Any CPU.ActiveCfg = Release|Any CPU
		{45A39928-0E76-4131-A784-36D30AED543A}.Release|Any CPU.Build.0 = Release|Any CPU
	EndGlobalSection
	GlobalSection(SolutionProperties) = preSolution
		HideSolutionNode = FALSE
	EndGlobalSection
	GlobalSection(ExtensibilityGlobals) = postSolution
		SolutionGuid = {FB44F92F-5622-4C18-810C-C82919C2FE5D}
	EndGlobalSection
EndGlobal
